github.com/advanced-go/stdlib v0.0.0-20240607083544-0491deb5c330 h1:4eovDLcJhnHeW7dXz+13dKSYXdP/B5vxe7fjn6hhhmI=
github.com/advanced-go/stdlib v0.0.0-20240607083544-0491deb5c330/go.mod h1:bvuWc7Tx57LArgrEvbPxKW4hvIYGS3pw7iG4P6xofoQ=
github.com/advanced-go/stdlib v0.0.0-20240607143747-98dd8b052298 h1:1ob4blAPwWqztRaVumW+NrHT1mhfv0tqc7L8rkrLFVI=
github.com/advanced-go/stdlib v0.0.0-20240607143747-98dd8b052298/go.mod h1:bvuWc7Tx57LArgrEvbPxKW4hvIYGS3pw7iG4P6xofoQ=
github.com/advanced-go/stdlib v0.0.0-20240608102444-976d39e2821d h1:cZeKXkOlZMsIlfhVHB8UF8o2PQ6LPeMX1FXiW44chSI=
github.com/advanced-go/stdlib v0.0.0-20240608102444-976d39e2821d/go.mod h1:bvuWc7Tx57LArgrEvbPxKW4hvIYGS3pw7iG4P6xofoQ=
github.com/advanced-go/stdlib v0.0.0-20240609113949-9b19c2d75dba h1:+NLxsGxacofOjTVbnMJSvSfqu8qX4pGdox2O8Y7f+Ps=
github.com/advanced-go/stdlib v0.0.0-20240609113949-9b19c2d75dba/go.mod h1:bvuWc7Tx57LArgrEvbPxKW4hvIYGS3pw7iG4P6xofoQ=
github.com/advanced-go/stdlib v0.0.0-20240609152119-8e3aa89b2647 h1:orP5p+/Y6q0QhFwxcHwYOq6yE90dEN7w7ZE+ZJGsDRU=
github.com/advanced-go/stdlib v0.0.0-20240609152119-8e3aa89b2647/go.mod h1:bvuWc7Tx57LArgrEvbPxKW4hvIYGS3pw7iG4P6xofoQ=
github.com/advanced-go/stdlib v0.0.0-20240612123251-37786af26d4c h1:gOo34JW6x7DlbBzCpdCTbAdnsYOoEu5Sjfof+HNJYbw=
github.com/advanced-go/stdlib v0.0.0-20240612123251-37786af26d4c/go.mod h1:bvuWc7Tx57LArgrEvbPxKW4hvIYGS3pw7iG4P6xofoQ=
github.com/advanced-go/stdlib v0.0.0-20240903153939-667d918d98ad h1:AUqsKJBBo14HF8wHL8dQvQxn9PE1Ic5LxHi+aXnpTmU=
github.com/advanced-go/stdlib v0.0.0-20240903153939-667d918d98ad/go.mod h1:bvuWc7Tx57LArgrEvbPxKW4hvIYGS3pw7iG4P6xofoQ=
github.com/google/uuid v1.6.0 h1:NIvaJDMOsjHA8n1jAhLSgzrAzy1Hgr+hNrb57e+94F0=
github.com/google/uuid v1.6.0/go.mod h1:TIyPZe4MgqvfeYDBFedMoGGpEw/LqOeaOT+nhxU+yHo=
