github.com/advanced-go/stdlib v0.0.0-20240423122233-e088f52ba012 h1:UNilI5GY291QW1MtIaSCYQ80LIgT8l8MVmmi8CJ0z9s=
github.com/advanced-go/stdlib v0.0.0-20240423122233-e088f52ba012/go.mod h1:bvuWc7Tx57LArgrEvbPxKW4hvIYGS3pw7iG4P6xofoQ=
github.com/google/uuid v1.6.0 h1:NIvaJDMOsjHA8n1jAhLSgzrAzy1Hgr+hNrb57e+94F0=
github.com/google/uuid v1.6.0/go.mod h1:TIyPZe4MgqvfeYDBFedMoGGpEw/LqOeaOT+nhxU+yHo=
