github.com/advanced-go/core v0.0.0-20240105121837-67660b53f6e2 h1:8nTupJeGaVpzobpOvSRdsu5dQufUYmY3RKqIVECTmoU=
github.com/advanced-go/core v0.0.0-20240105121837-67660b53f6e2/go.mod h1:p58Ll2RUpEOeraoKxazyJpiPkWZelINYxxkcwCtwjUE=
github.com/advanced-go/core v0.0.0-20240110153247-3dc2773350a7 h1:CSPwkgIIl2N+JZ3n3ov/RFoRnWZhug396T5QfD0OIYQ=
github.com/advanced-go/core v0.0.0-20240110153247-3dc2773350a7/go.mod h1:p58Ll2RUpEOeraoKxazyJpiPkWZelINYxxkcwCtwjUE=
github.com/advanced-go/core v0.0.0-20240110213547-4f1b61f08dc1 h1:uOXqJa6hyn/MMZ9HRZdBt72LS6BgtGxoH9DsfYbDAi4=
github.com/advanced-go/core v0.0.0-20240110213547-4f1b61f08dc1/go.mod h1:p58Ll2RUpEOeraoKxazyJpiPkWZelINYxxkcwCtwjUE=
github.com/advanced-go/core v0.0.0-20240112131852-58a3a8c63568 h1:vQWYL6JVyPbRE3VBkJxQZrbcjed3cWqr11glSWAO1YQ=
github.com/advanced-go/core v0.0.0-20240112131852-58a3a8c63568/go.mod h1:p58Ll2RUpEOeraoKxazyJpiPkWZelINYxxkcwCtwjUE=
github.com/advanced-go/core v0.0.0-20240112154111-172a66cade09 h1:eFbiMrFbA6Ygj9/sg5lEzVv/42ekDGHRgtKk58ZDg5U=
github.com/advanced-go/core v0.0.0-20240112154111-172a66cade09/go.mod h1:p58Ll2RUpEOeraoKxazyJpiPkWZelINYxxkcwCtwjUE=
github.com/advanced-go/core v0.0.0-20240112184019-8f72a12b36e6 h1:xrM4Ir8zlpOfIqBPwl/DYgGnDH3qzuap9nfjecP9LtA=
github.com/advanced-go/core v0.0.0-20240112184019-8f72a12b36e6/go.mod h1:p58Ll2RUpEOeraoKxazyJpiPkWZelINYxxkcwCtwjUE=
github.com/advanced-go/core v0.0.0-20240112213133-ab57a3815b90 h1:kiRGUaFJzk2+JhMb6b0KroLIiK5vJurZlU2ljaetAaA=
github.com/advanced-go/core v0.0.0-20240112213133-ab57a3815b90/go.mod h1:p58Ll2RUpEOeraoKxazyJpiPkWZelINYxxkcwCtwjUE=
github.com/advanced-go/core v0.0.0-20240113010223-cdcbcb15ad06 h1:LsNsM/4FoPDuA6NlIAo1wRKEk93kSD5odD7rDH/vxYQ=
github.com/advanced-go/core v0.0.0-20240113010223-cdcbcb15ad06/go.mod h1:p58Ll2RUpEOeraoKxazyJpiPkWZelINYxxkcwCtwjUE=
github.com/advanced-go/core v0.0.0-20240113011505-0902521d180e h1:SzWImZIX9C+Lw0f2WpZSyoU1jc481RB7U8OPzhisVGU=
github.com/advanced-go/core v0.0.0-20240113011505-0902521d180e/go.mod h1:p58Ll2RUpEOeraoKxazyJpiPkWZelINYxxkcwCtwjUE=
github.com/google/uuid v1.4.0 h1:MtMxsa51/r9yyhkyLsVeVt0B+BGQZzpQiTQ4eHZ8bc4=
github.com/google/uuid v1.4.0/go.mod h1:TIyPZe4MgqvfeYDBFedMoGGpEw/LqOeaOT+nhxU+yHo=
